// !$*UTF8*$!
{
	archiveVersion = 1;
	classes = {
	};
	objectVersion = 55;
	objects = {

/* Begin PBXBuildFile section */
		1D7C28FD279150470040588E /* ToMatcho.storyboard in Resources */ = {isa = PBXBuildFile; fileRef = 1D7C28FC279150470040588E /* ToMatcho.storyboard */; };
		1E64A16B889B09F0387EEBEE /* Pods_ToMatcho.framework in Frameworks */ = {isa = PBXBuildFile; fileRef = 6990CD13582446635155A8B8 /* Pods_ToMatcho.framework */; };
		47E9AC6FEBC2AF48059B07A5 /* Pods_ToMatcho_ToMatchoUITests.framework in Frameworks */ = {isa = PBXBuildFile; fileRef = 2E5C18C38F252F4C5ABD7923 /* Pods_ToMatcho_ToMatchoUITests.framework */; };
		661DD344F494DF130C298EC4 /* Pods_ToMatchoTests.framework in Frameworks */ = {isa = PBXBuildFile; fileRef = 008D65F531254959B8DC3AF6 /* Pods_ToMatchoTests.framework */; };
		B4144A2B279675DF002C0DBC /* GoogleService-Info.plist in Resources */ = {isa = PBXBuildFile; fileRef = B4144A2A279675DF002C0DBC /* GoogleService-Info.plist */; };
		B4144A2C279675DF002C0DBC /* GoogleService-Info.plist in Resources */ = {isa = PBXBuildFile; fileRef = B4144A2A279675DF002C0DBC /* GoogleService-Info.plist */; };
		B4144A2D279675DF002C0DBC /* GoogleService-Info.plist in Resources */ = {isa = PBXBuildFile; fileRef = B4144A2A279675DF002C0DBC /* GoogleService-Info.plist */; };
		B4144A2F27967AED002C0DBC /* LoginViewController.swift in Sources */ = {isa = PBXBuildFile; fileRef = B4144A2E27967AED002C0DBC /* LoginViewController.swift */; };
		B4144A3127967B01002C0DBC /* RegisterViewController.swift in Sources */ = {isa = PBXBuildFile; fileRef = B4144A3027967B01002C0DBC /* RegisterViewController.swift */; };
		B4311EBB27911D6F000EC348 /* AppDelegate.swift in Sources */ = {isa = PBXBuildFile; fileRef = B4311EBA27911D6F000EC348 /* AppDelegate.swift */; };
		B4311EBD27911D6F000EC348 /* SceneDelegate.swift in Sources */ = {isa = PBXBuildFile; fileRef = B4311EBC27911D6F000EC348 /* SceneDelegate.swift */; };
		B4311EBF27911D6F000EC348 /* ViewController.swift in Sources */ = {isa = PBXBuildFile; fileRef = B4311EBE27911D6F000EC348 /* ViewController.swift */; };
		B4311EC227911D6F000EC348 /* Main.storyboard in Resources */ = {isa = PBXBuildFile; fileRef = B4311EC027911D6F000EC348 /* Main.storyboard */; };
		B4311EC527911D6F000EC348 /* ToMatcho.xcdatamodeld in Sources */ = {isa = PBXBuildFile; fileRef = B4311EC327911D6F000EC348 /* ToMatcho.xcdatamodeld */; };
		B4311EC727911D71000EC348 /* Assets.xcassets in Resources */ = {isa = PBXBuildFile; fileRef = B4311EC627911D71000EC348 /* Assets.xcassets */; };
		B4311ECA27911D71000EC348 /* LaunchScreen.storyboard in Resources */ = {isa = PBXBuildFile; fileRef = B4311EC827911D71000EC348 /* LaunchScreen.storyboard */; };
		B4311ED527911D72000EC348 /* ToMatchoTests.swift in Sources */ = {isa = PBXBuildFile; fileRef = B4311ED427911D72000EC348 /* ToMatchoTests.swift */; };
		B4311EDF27911D72000EC348 /* ToMatchoUITests.swift in Sources */ = {isa = PBXBuildFile; fileRef = B4311EDE27911D72000EC348 /* ToMatchoUITests.swift */; };
		B4311EE127911D72000EC348 /* ToMatchoUITestsLaunchTests.swift in Sources */ = {isa = PBXBuildFile; fileRef = B4311EE027911D72000EC348 /* ToMatchoUITestsLaunchTests.swift */; };
/* End PBXBuildFile section */

/* Begin PBXContainerItemProxy section */
		B4311ED127911D72000EC348 /* PBXContainerItemProxy */ = {
			isa = PBXContainerItemProxy;
			containerPortal = B4311EAF27911D6F000EC348 /* Project object */;
			proxyType = 1;
			remoteGlobalIDString = B4311EB627911D6F000EC348;
			remoteInfo = ToMatcho;
		};
		B4311EDB27911D72000EC348 /* PBXContainerItemProxy */ = {
			isa = PBXContainerItemProxy;
			containerPortal = B4311EAF27911D6F000EC348 /* Project object */;
			proxyType = 1;
			remoteGlobalIDString = B4311EB627911D6F000EC348;
			remoteInfo = ToMatcho;
		};
/* End PBXContainerItemProxy section */

/* Begin PBXFileReference section */
		008D65F531254959B8DC3AF6 /* Pods_ToMatchoTests.framework */ = {isa = PBXFileReference; explicitFileType = wrapper.framework; includeInIndex = 0; path = Pods_ToMatchoTests.framework; sourceTree = BUILT_PRODUCTS_DIR; };
		12E72E75855BC441DEFAC1D1 /* Pods-ToMatchoTests.release.xcconfig */ = {isa = PBXFileReference; includeInIndex = 1; lastKnownFileType = text.xcconfig; name = "Pods-ToMatchoTests.release.xcconfig"; path = "Target Support Files/Pods-ToMatchoTests/Pods-ToMatchoTests.release.xcconfig"; sourceTree = "<group>"; };
		1D7C28FC279150470040588E /* ToMatcho.storyboard */ = {isa = PBXFileReference; lastKnownFileType = file.storyboard; path = ToMatcho.storyboard; sourceTree = "<group>"; };
		2B4572948C8ED7EB2E0F35E1 /* Pods-ToMatcho.release.xcconfig */ = {isa = PBXFileReference; includeInIndex = 1; lastKnownFileType = text.xcconfig; name = "Pods-ToMatcho.release.xcconfig"; path = "Target Support Files/Pods-ToMatcho/Pods-ToMatcho.release.xcconfig"; sourceTree = "<group>"; };
		2E5C18C38F252F4C5ABD7923 /* Pods_ToMatcho_ToMatchoUITests.framework */ = {isa = PBXFileReference; explicitFileType = wrapper.framework; includeInIndex = 0; path = Pods_ToMatcho_ToMatchoUITests.framework; sourceTree = BUILT_PRODUCTS_DIR; };
		6990CD13582446635155A8B8 /* Pods_ToMatcho.framework */ = {isa = PBXFileReference; explicitFileType = wrapper.framework; includeInIndex = 0; path = Pods_ToMatcho.framework; sourceTree = BUILT_PRODUCTS_DIR; };
		A293B5CD494294863F417857 /* Pods-ToMatcho.debug.xcconfig */ = {isa = PBXFileReference; includeInIndex = 1; lastKnownFileType = text.xcconfig; name = "Pods-ToMatcho.debug.xcconfig"; path = "Target Support Files/Pods-ToMatcho/Pods-ToMatcho.debug.xcconfig"; sourceTree = "<group>"; };
		A681985E14A10C8A3A6673D4 /* Pods-ToMatcho-ToMatchoUITests.release.xcconfig */ = {isa = PBXFileReference; includeInIndex = 1; lastKnownFileType = text.xcconfig; name = "Pods-ToMatcho-ToMatchoUITests.release.xcconfig"; path = "Target Support Files/Pods-ToMatcho-ToMatchoUITests/Pods-ToMatcho-ToMatchoUITests.release.xcconfig"; sourceTree = "<group>"; };
		B4144A2A279675DF002C0DBC /* GoogleService-Info.plist */ = {isa = PBXFileReference; fileEncoding = 4; lastKnownFileType = text.plist.xml; path = "GoogleService-Info.plist"; sourceTree = "<group>"; };
		B4144A2E27967AED002C0DBC /* LoginViewController.swift */ = {isa = PBXFileReference; lastKnownFileType = sourcecode.swift; path = LoginViewController.swift; sourceTree = "<group>"; };
		B4144A3027967B01002C0DBC /* RegisterViewController.swift */ = {isa = PBXFileReference; lastKnownFileType = sourcecode.swift; path = RegisterViewController.swift; sourceTree = "<group>"; };
		B4311EB727911D6F000EC348 /* ToMatcho.app */ = {isa = PBXFileReference; explicitFileType = wrapper.application; includeInIndex = 0; path = ToMatcho.app; sourceTree = BUILT_PRODUCTS_DIR; };
		B4311EBA27911D6F000EC348 /* AppDelegate.swift */ = {isa = PBXFileReference; lastKnownFileType = sourcecode.swift; path = AppDelegate.swift; sourceTree = "<group>"; };
		B4311EBC27911D6F000EC348 /* SceneDelegate.swift */ = {isa = PBXFileReference; lastKnownFileType = sourcecode.swift; path = SceneDelegate.swift; sourceTree = "<group>"; };
		B4311EBE27911D6F000EC348 /* ViewController.swift */ = {isa = PBXFileReference; lastKnownFileType = sourcecode.swift; path = ViewController.swift; sourceTree = "<group>"; };
		B4311EC127911D6F000EC348 /* Base */ = {isa = PBXFileReference; lastKnownFileType = file.storyboard; name = Base; path = Base.lproj/Main.storyboard; sourceTree = "<group>"; };
		B4311EC427911D6F000EC348 /* ToMatcho.xcdatamodel */ = {isa = PBXFileReference; lastKnownFileType = wrapper.xcdatamodel; path = ToMatcho.xcdatamodel; sourceTree = "<group>"; };
		B4311EC627911D71000EC348 /* Assets.xcassets */ = {isa = PBXFileReference; lastKnownFileType = folder.assetcatalog; path = Assets.xcassets; sourceTree = "<group>"; };
		B4311EC927911D71000EC348 /* Base */ = {isa = PBXFileReference; lastKnownFileType = file.storyboard; name = Base; path = Base.lproj/LaunchScreen.storyboard; sourceTree = "<group>"; };
		B4311ECB27911D71000EC348 /* Info.plist */ = {isa = PBXFileReference; lastKnownFileType = text.plist.xml; path = Info.plist; sourceTree = "<group>"; };
		B4311ED027911D72000EC348 /* ToMatchoTests.xctest */ = {isa = PBXFileReference; explicitFileType = wrapper.cfbundle; includeInIndex = 0; path = ToMatchoTests.xctest; sourceTree = BUILT_PRODUCTS_DIR; };
		B4311ED427911D72000EC348 /* ToMatchoTests.swift */ = {isa = PBXFileReference; lastKnownFileType = sourcecode.swift; path = ToMatchoTests.swift; sourceTree = "<group>"; };
		B4311EDA27911D72000EC348 /* ToMatchoUITests.xctest */ = {isa = PBXFileReference; explicitFileType = wrapper.cfbundle; includeInIndex = 0; path = ToMatchoUITests.xctest; sourceTree = BUILT_PRODUCTS_DIR; };
		B4311EDE27911D72000EC348 /* ToMatchoUITests.swift */ = {isa = PBXFileReference; lastKnownFileType = sourcecode.swift; path = ToMatchoUITests.swift; sourceTree = "<group>"; };
		B4311EE027911D72000EC348 /* ToMatchoUITestsLaunchTests.swift */ = {isa = PBXFileReference; lastKnownFileType = sourcecode.swift; path = ToMatchoUITestsLaunchTests.swift; sourceTree = "<group>"; };
		E6AC155282E7F499C043AF69 /* Pods-ToMatchoTests.debug.xcconfig */ = {isa = PBXFileReference; includeInIndex = 1; lastKnownFileType = text.xcconfig; name = "Pods-ToMatchoTests.debug.xcconfig"; path = "Target Support Files/Pods-ToMatchoTests/Pods-ToMatchoTests.debug.xcconfig"; sourceTree = "<group>"; };
		FBC626255465862C8FBBAA15 /* Pods-ToMatcho-ToMatchoUITests.debug.xcconfig */ = {isa = PBXFileReference; includeInIndex = 1; lastKnownFileType = text.xcconfig; name = "Pods-ToMatcho-ToMatchoUITests.debug.xcconfig"; path = "Target Support Files/Pods-ToMatcho-ToMatchoUITests/Pods-ToMatcho-ToMatchoUITests.debug.xcconfig"; sourceTree = "<group>"; };
/* End PBXFileReference section */

/* Begin PBXFrameworksBuildPhase section */
		B4311EB427911D6F000EC348 /* Frameworks */ = {
			isa = PBXFrameworksBuildPhase;
			buildActionMask = 2147483647;
			files = (
				1E64A16B889B09F0387EEBEE /* Pods_ToMatcho.framework in Frameworks */,
			);
			runOnlyForDeploymentPostprocessing = 0;
		};
		B4311ECD27911D72000EC348 /* Frameworks */ = {
			isa = PBXFrameworksBuildPhase;
			buildActionMask = 2147483647;
			files = (
				661DD344F494DF130C298EC4 /* Pods_ToMatchoTests.framework in Frameworks */,
			);
			runOnlyForDeploymentPostprocessing = 0;
		};
		B4311ED727911D72000EC348 /* Frameworks */ = {
			isa = PBXFrameworksBuildPhase;
			buildActionMask = 2147483647;
			files = (
				47E9AC6FEBC2AF48059B07A5 /* Pods_ToMatcho_ToMatchoUITests.framework in Frameworks */,
			);
			runOnlyForDeploymentPostprocessing = 0;
		};
/* End PBXFrameworksBuildPhase section */

/* Begin PBXGroup section */
		35A439556A474D7B4D69FF8F /* Frameworks */ = {
			isa = PBXGroup;
			children = (
				6990CD13582446635155A8B8 /* Pods_ToMatcho.framework */,
				2E5C18C38F252F4C5ABD7923 /* Pods_ToMatcho_ToMatchoUITests.framework */,
				008D65F531254959B8DC3AF6 /* Pods_ToMatchoTests.framework */,
			);
			name = Frameworks;
			sourceTree = "<group>";
		};
		4A9C39D4CC9ACDDB7C0F8C4F /* Pods */ = {
			isa = PBXGroup;
			children = (
				A293B5CD494294863F417857 /* Pods-ToMatcho.debug.xcconfig */,
				2B4572948C8ED7EB2E0F35E1 /* Pods-ToMatcho.release.xcconfig */,
				FBC626255465862C8FBBAA15 /* Pods-ToMatcho-ToMatchoUITests.debug.xcconfig */,
				A681985E14A10C8A3A6673D4 /* Pods-ToMatcho-ToMatchoUITests.release.xcconfig */,
				E6AC155282E7F499C043AF69 /* Pods-ToMatchoTests.debug.xcconfig */,
				12E72E75855BC441DEFAC1D1 /* Pods-ToMatchoTests.release.xcconfig */,
			);
			path = Pods;
			sourceTree = "<group>";
		};
		B4311EAE27911D6F000EC348 = {
			isa = PBXGroup;
			children = (
				B4311EB927911D6F000EC348 /* ToMatcho */,
				B4311ED327911D72000EC348 /* ToMatchoTests */,
				B4311EDD27911D72000EC348 /* ToMatchoUITests */,
				B4311EB827911D6F000EC348 /* Products */,
				4A9C39D4CC9ACDDB7C0F8C4F /* Pods */,
				35A439556A474D7B4D69FF8F /* Frameworks */,
			);
			sourceTree = "<group>";
		};
		B4311EB827911D6F000EC348 /* Products */ = {
			isa = PBXGroup;
			children = (
				B4311EB727911D6F000EC348 /* ToMatcho.app */,
				B4311ED027911D72000EC348 /* ToMatchoTests.xctest */,
				B4311EDA27911D72000EC348 /* ToMatchoUITests.xctest */,
			);
			name = Products;
			sourceTree = "<group>";
		};
		B4311EB927911D6F000EC348 /* ToMatcho */ = {
			isa = PBXGroup;
			children = (
				B4311EBA27911D6F000EC348 /* AppDelegate.swift */,
				B4311EBC27911D6F000EC348 /* SceneDelegate.swift */,
				B4311EBE27911D6F000EC348 /* ViewController.swift */,
				B4311EC027911D6F000EC348 /* Main.storyboard */,
				B4144A2E27967AED002C0DBC /* LoginViewController.swift */,
				B4144A3027967B01002C0DBC /* RegisterViewController.swift */,
				1D7C28FC279150470040588E /* ToMatcho.storyboard */,
				B4311EC627911D71000EC348 /* Assets.xcassets */,
				B4311EC827911D71000EC348 /* LaunchScreen.storyboard */,
				B4144A2A279675DF002C0DBC /* GoogleService-Info.plist */,
				B4311ECB27911D71000EC348 /* Info.plist */,
				B4311EC327911D6F000EC348 /* ToMatcho.xcdatamodeld */,
			);
			path = ToMatcho;
			sourceTree = "<group>";
		};
		B4311ED327911D72000EC348 /* ToMatchoTests */ = {
			isa = PBXGroup;
			children = (
				B4311ED427911D72000EC348 /* ToMatchoTests.swift */,
			);
			path = ToMatchoTests;
			sourceTree = "<group>";
		};
		B4311EDD27911D72000EC348 /* ToMatchoUITests */ = {
			isa = PBXGroup;
			children = (
				B4311EDE27911D72000EC348 /* ToMatchoUITests.swift */,
				B4311EE027911D72000EC348 /* ToMatchoUITestsLaunchTests.swift */,
			);
			path = ToMatchoUITests;
			sourceTree = "<group>";
		};
/* End PBXGroup section */

/* Begin PBXNativeTarget section */
		B4311EB627911D6F000EC348 /* ToMatcho */ = {
			isa = PBXNativeTarget;
			buildConfigurationList = B4311EE427911D72000EC348 /* Build configuration list for PBXNativeTarget "ToMatcho" */;
			buildPhases = (
				6F7D4BB250696B5F818B8288 /* [CP] Check Pods Manifest.lock */,
				B4311EB327911D6F000EC348 /* Sources */,
				B4311EB427911D6F000EC348 /* Frameworks */,
				B4311EB527911D6F000EC348 /* Resources */,
				3BFE5E3966FE91B908C21A65 /* [CP] Embed Pods Frameworks */,
			);
			buildRules = (
			);
			dependencies = (
			);
			name = ToMatcho;
			productName = ToMatcho;
			productReference = B4311EB727911D6F000EC348 /* ToMatcho.app */;
			productType = "com.apple.product-type.application";
		};
		B4311ECF27911D72000EC348 /* ToMatchoTests */ = {
			isa = PBXNativeTarget;
			buildConfigurationList = B4311EE727911D72000EC348 /* Build configuration list for PBXNativeTarget "ToMatchoTests" */;
			buildPhases = (
				3CD46F5DFEFCC5E60FF1BD1B /* [CP] Check Pods Manifest.lock */,
				B4311ECC27911D72000EC348 /* Sources */,
				B4311ECD27911D72000EC348 /* Frameworks */,
				B4311ECE27911D72000EC348 /* Resources */,
			);
			buildRules = (
			);
			dependencies = (
				B4311ED227911D72000EC348 /* PBXTargetDependency */,
			);
			name = ToMatchoTests;
			productName = ToMatchoTests;
			productReference = B4311ED027911D72000EC348 /* ToMatchoTests.xctest */;
			productType = "com.apple.product-type.bundle.unit-test";
		};
		B4311ED927911D72000EC348 /* ToMatchoUITests */ = {
			isa = PBXNativeTarget;
			buildConfigurationList = B4311EEA27911D72000EC348 /* Build configuration list for PBXNativeTarget "ToMatchoUITests" */;
			buildPhases = (
				8893659679EB77D1E834DB32 /* [CP] Check Pods Manifest.lock */,
				B4311ED627911D72000EC348 /* Sources */,
				B4311ED727911D72000EC348 /* Frameworks */,
				B4311ED827911D72000EC348 /* Resources */,
				2639B95C78B376CE38395A03 /* [CP] Embed Pods Frameworks */,
			);
			buildRules = (
			);
			dependencies = (
				B4311EDC27911D72000EC348 /* PBXTargetDependency */,
			);
			name = ToMatchoUITests;
			productName = ToMatchoUITests;
			productReference = B4311EDA27911D72000EC348 /* ToMatchoUITests.xctest */;
			productType = "com.apple.product-type.bundle.ui-testing";
		};
/* End PBXNativeTarget section */

/* Begin PBXProject section */
		B4311EAF27911D6F000EC348 /* Project object */ = {
			isa = PBXProject;
			attributes = {
				BuildIndependentTargetsInParallel = 1;
				LastSwiftUpdateCheck = 1310;
				LastUpgradeCheck = 1310;
				TargetAttributes = {
					B4311EB627911D6F000EC348 = {
						CreatedOnToolsVersion = 13.1;
					};
					B4311ECF27911D72000EC348 = {
						CreatedOnToolsVersion = 13.1;
						TestTargetID = B4311EB627911D6F000EC348;
					};
					B4311ED927911D72000EC348 = {
						CreatedOnToolsVersion = 13.1;
						TestTargetID = B4311EB627911D6F000EC348;
					};
				};
			};
			buildConfigurationList = B4311EB227911D6F000EC348 /* Build configuration list for PBXProject "ToMatcho" */;
			compatibilityVersion = "Xcode 13.0";
			developmentRegion = en;
			hasScannedForEncodings = 0;
			knownRegions = (
				en,
				Base,
			);
			mainGroup = B4311EAE27911D6F000EC348;
			productRefGroup = B4311EB827911D6F000EC348 /* Products */;
			projectDirPath = "";
			projectRoot = "";
			targets = (
				B4311EB627911D6F000EC348 /* ToMatcho */,
				B4311ECF27911D72000EC348 /* ToMatchoTests */,
				B4311ED927911D72000EC348 /* ToMatchoUITests */,
			);
		};
/* End PBXProject section */

/* Begin PBXResourcesBuildPhase section */
		B4311EB527911D6F000EC348 /* Resources */ = {
			isa = PBXResourcesBuildPhase;
			buildActionMask = 2147483647;
			files = (
				B4311ECA27911D71000EC348 /* LaunchScreen.storyboard in Resources */,
				1D7C28FD279150470040588E /* ToMatcho.storyboard in Resources */,
				B4144A2B279675DF002C0DBC /* GoogleService-Info.plist in Resources */,
				B4311EC727911D71000EC348 /* Assets.xcassets in Resources */,
				B4311EC227911D6F000EC348 /* Main.storyboard in Resources */,
			);
			runOnlyForDeploymentPostprocessing = 0;
		};
		B4311ECE27911D72000EC348 /* Resources */ = {
			isa = PBXResourcesBuildPhase;
			buildActionMask = 2147483647;
			files = (
				B4144A2C279675DF002C0DBC /* GoogleService-Info.plist in Resources */,
			);
			runOnlyForDeploymentPostprocessing = 0;
		};
		B4311ED827911D72000EC348 /* Resources */ = {
			isa = PBXResourcesBuildPhase;
			buildActionMask = 2147483647;
			files = (
				B4144A2D279675DF002C0DBC /* GoogleService-Info.plist in Resources */,
			);
			runOnlyForDeploymentPostprocessing = 0;
		};
/* End PBXResourcesBuildPhase section */

/* Begin PBXShellScriptBuildPhase section */
		2639B95C78B376CE38395A03 /* [CP] Embed Pods Frameworks */ = {
			isa = PBXShellScriptBuildPhase;
			buildActionMask = 2147483647;
			files = (
			);
			inputFileListPaths = (
				"${PODS_ROOT}/Target Support Files/Pods-ToMatcho-ToMatchoUITests/Pods-ToMatcho-ToMatchoUITests-frameworks-${CONFIGURATION}-input-files.xcfilelist",
			);
			name = "[CP] Embed Pods Frameworks";
			outputFileListPaths = (
				"${PODS_ROOT}/Target Support Files/Pods-ToMatcho-ToMatchoUITests/Pods-ToMatcho-ToMatchoUITests-frameworks-${CONFIGURATION}-output-files.xcfilelist",
			);
			runOnlyForDeploymentPostprocessing = 0;
			shellPath = /bin/sh;
			shellScript = "\"${PODS_ROOT}/Target Support Files/Pods-ToMatcho-ToMatchoUITests/Pods-ToMatcho-ToMatchoUITests-frameworks.sh\"\n";
			showEnvVarsInLog = 0;
		};
		3BFE5E3966FE91B908C21A65 /* [CP] Embed Pods Frameworks */ = {
			isa = PBXShellScriptBuildPhase;
			buildActionMask = 2147483647;
			files = (
			);
			inputFileListPaths = (
				"${PODS_ROOT}/Target Support Files/Pods-ToMatcho/Pods-ToMatcho-frameworks-${CONFIGURATION}-input-files.xcfilelist",
			);
			name = "[CP] Embed Pods Frameworks";
			outputFileListPaths = (
				"${PODS_ROOT}/Target Support Files/Pods-ToMatcho/Pods-ToMatcho-frameworks-${CONFIGURATION}-output-files.xcfilelist",
			);
			runOnlyForDeploymentPostprocessing = 0;
			shellPath = /bin/sh;
			shellScript = "\"${PODS_ROOT}/Target Support Files/Pods-ToMatcho/Pods-ToMatcho-frameworks.sh\"\n";
			showEnvVarsInLog = 0;
		};
		3CD46F5DFEFCC5E60FF1BD1B /* [CP] Check Pods Manifest.lock */ = {
			isa = PBXShellScriptBuildPhase;
			buildActionMask = 2147483647;
			files = (
			);
			inputFileListPaths = (
			);
			inputPaths = (
				"${PODS_PODFILE_DIR_PATH}/Podfile.lock",
				"${PODS_ROOT}/Manifest.lock",
			);
			name = "[CP] Check Pods Manifest.lock";
			outputFileListPaths = (
			);
			outputPaths = (
				"$(DERIVED_FILE_DIR)/Pods-ToMatchoTests-checkManifestLockResult.txt",
			);
			runOnlyForDeploymentPostprocessing = 0;
			shellPath = /bin/sh;
			shellScript = "diff \"${PODS_PODFILE_DIR_PATH}/Podfile.lock\" \"${PODS_ROOT}/Manifest.lock\" > /dev/null\nif [ $? != 0 ] ; then\n    # print error to STDERR\n    echo \"error: The sandbox is not in sync with the Podfile.lock. Run 'pod install' or update your CocoaPods installation.\" >&2\n    exit 1\nfi\n# This output is used by Xcode 'outputs' to avoid re-running this script phase.\necho \"SUCCESS\" > \"${SCRIPT_OUTPUT_FILE_0}\"\n";
			showEnvVarsInLog = 0;
		};
		6F7D4BB250696B5F818B8288 /* [CP] Check Pods Manifest.lock */ = {
			isa = PBXShellScriptBuildPhase;
			buildActionMask = 2147483647;
			files = (
			);
			inputFileListPaths = (
			);
			inputPaths = (
				"${PODS_PODFILE_DIR_PATH}/Podfile.lock",
				"${PODS_ROOT}/Manifest.lock",
			);
			name = "[CP] Check Pods Manifest.lock";
			outputFileListPaths = (
			);
			outputPaths = (
				"$(DERIVED_FILE_DIR)/Pods-ToMatcho-checkManifestLockResult.txt",
			);
			runOnlyForDeploymentPostprocessing = 0;
			shellPath = /bin/sh;
			shellScript = "diff \"${PODS_PODFILE_DIR_PATH}/Podfile.lock\" \"${PODS_ROOT}/Manifest.lock\" > /dev/null\nif [ $? != 0 ] ; then\n    # print error to STDERR\n    echo \"error: The sandbox is not in sync with the Podfile.lock. Run 'pod install' or update your CocoaPods installation.\" >&2\n    exit 1\nfi\n# This output is used by Xcode 'outputs' to avoid re-running this script phase.\necho \"SUCCESS\" > \"${SCRIPT_OUTPUT_FILE_0}\"\n";
			showEnvVarsInLog = 0;
		};
		8893659679EB77D1E834DB32 /* [CP] Check Pods Manifest.lock */ = {
			isa = PBXShellScriptBuildPhase;
			buildActionMask = 2147483647;
			files = (
			);
			inputFileListPaths = (
			);
			inputPaths = (
				"${PODS_PODFILE_DIR_PATH}/Podfile.lock",
				"${PODS_ROOT}/Manifest.lock",
			);
			name = "[CP] Check Pods Manifest.lock";
			outputFileListPaths = (
			);
			outputPaths = (
				"$(DERIVED_FILE_DIR)/Pods-ToMatcho-ToMatchoUITests-checkManifestLockResult.txt",
			);
			runOnlyForDeploymentPostprocessing = 0;
			shellPath = /bin/sh;
			shellScript = "diff \"${PODS_PODFILE_DIR_PATH}/Podfile.lock\" \"${PODS_ROOT}/Manifest.lock\" > /dev/null\nif [ $? != 0 ] ; then\n    # print error to STDERR\n    echo \"error: The sandbox is not in sync with the Podfile.lock. Run 'pod install' or update your CocoaPods installation.\" >&2\n    exit 1\nfi\n# This output is used by Xcode 'outputs' to avoid re-running this script phase.\necho \"SUCCESS\" > \"${SCRIPT_OUTPUT_FILE_0}\"\n";
			showEnvVarsInLog = 0;
		};
/* End PBXShellScriptBuildPhase section */

/* Begin PBXSourcesBuildPhase section */
		B4311EB327911D6F000EC348 /* Sources */ = {
			isa = PBXSourcesBuildPhase;
			buildActionMask = 2147483647;
			files = (
				B4311EC527911D6F000EC348 /* ToMatcho.xcdatamodeld in Sources */,
				B4311EBF27911D6F000EC348 /* ViewController.swift in Sources */,
				B4311EBB27911D6F000EC348 /* AppDelegate.swift in Sources */,
				B4144A3127967B01002C0DBC /* RegisterViewController.swift in Sources */,
				B4144A2F27967AED002C0DBC /* LoginViewController.swift in Sources */,
				B4311EBD27911D6F000EC348 /* SceneDelegate.swift in Sources */,
			);
			runOnlyForDeploymentPostprocessing = 0;
		};
		B4311ECC27911D72000EC348 /* Sources */ = {
			isa = PBXSourcesBuildPhase;
			buildActionMask = 2147483647;
			files = (
				B4311ED527911D72000EC348 /* ToMatchoTests.swift in Sources */,
			);
			runOnlyForDeploymentPostprocessing = 0;
		};
		B4311ED627911D72000EC348 /* Sources */ = {
			isa = PBXSourcesBuildPhase;
			buildActionMask = 2147483647;
			files = (
				B4311EE127911D72000EC348 /* ToMatchoUITestsLaunchTests.swift in Sources */,
				B4311EDF27911D72000EC348 /* ToMatchoUITests.swift in Sources */,
			);
			runOnlyForDeploymentPostprocessing = 0;
		};
/* End PBXSourcesBuildPhase section */

/* Begin PBXTargetDependency section */
		B4311ED227911D72000EC348 /* PBXTargetDependency */ = {
			isa = PBXTargetDependency;
			target = B4311EB627911D6F000EC348 /* ToMatcho */;
			targetProxy = B4311ED127911D72000EC348 /* PBXContainerItemProxy */;
		};
		B4311EDC27911D72000EC348 /* PBXTargetDependency */ = {
			isa = PBXTargetDependency;
			target = B4311EB627911D6F000EC348 /* ToMatcho */;
			targetProxy = B4311EDB27911D72000EC348 /* PBXContainerItemProxy */;
		};
/* End PBXTargetDependency section */

/* Begin PBXVariantGroup section */
		B4311EC027911D6F000EC348 /* Main.storyboard */ = {
			isa = PBXVariantGroup;
			children = (
				B4311EC127911D6F000EC348 /* Base */,
			);
			name = Main.storyboard;
			sourceTree = "<group>";
		};
		B4311EC827911D71000EC348 /* LaunchScreen.storyboard */ = {
			isa = PBXVariantGroup;
			children = (
				B4311EC927911D71000EC348 /* Base */,
			);
			name = LaunchScreen.storyboard;
			sourceTree = "<group>";
		};
/* End PBXVariantGroup section */

/* Begin XCBuildConfiguration section */
		B4311EE227911D72000EC348 /* Debug */ = {
			isa = XCBuildConfiguration;
			buildSettings = {
				ALWAYS_SEARCH_USER_PATHS = NO;
				CLANG_ANALYZER_NONNULL = YES;
				CLANG_ANALYZER_NUMBER_OBJECT_CONVERSION = YES_AGGRESSIVE;
				CLANG_CXX_LANGUAGE_STANDARD = "gnu++17";
				CLANG_CXX_LIBRARY = "libc++";
				CLANG_ENABLE_MODULES = YES;
				CLANG_ENABLE_OBJC_ARC = YES;
				CLANG_ENABLE_OBJC_WEAK = YES;
				CLANG_WARN_BLOCK_CAPTURE_AUTORELEASING = YES;
				CLANG_WARN_BOOL_CONVERSION = YES;
				CLANG_WARN_COMMA = YES;
				CLANG_WARN_CONSTANT_CONVERSION = YES;
				CLANG_WARN_DEPRECATED_OBJC_IMPLEMENTATIONS = YES;
				CLANG_WARN_DIRECT_OBJC_ISA_USAGE = YES_ERROR;
				CLANG_WARN_DOCUMENTATION_COMMENTS = YES;
				CLANG_WARN_EMPTY_BODY = YES;
				CLANG_WARN_ENUM_CONVERSION = YES;
				CLANG_WARN_INFINITE_RECURSION = YES;
				CLANG_WARN_INT_CONVERSION = YES;
				CLANG_WARN_NON_LITERAL_NULL_CONVERSION = YES;
				CLANG_WARN_OBJC_IMPLICIT_RETAIN_SELF = YES;
				CLANG_WARN_OBJC_LITERAL_CONVERSION = YES;
				CLANG_WARN_OBJC_ROOT_CLASS = YES_ERROR;
				CLANG_WARN_QUOTED_INCLUDE_IN_FRAMEWORK_HEADER = YES;
				CLANG_WARN_RANGE_LOOP_ANALYSIS = YES;
				CLANG_WARN_STRICT_PROTOTYPES = YES;
				CLANG_WARN_SUSPICIOUS_MOVE = YES;
				CLANG_WARN_UNGUARDED_AVAILABILITY = YES_AGGRESSIVE;
				CLANG_WARN_UNREACHABLE_CODE = YES;
				CLANG_WARN__DUPLICATE_METHOD_MATCH = YES;
				COPY_PHASE_STRIP = NO;
				DEBUG_INFORMATION_FORMAT = dwarf;
				ENABLE_STRICT_OBJC_MSGSEND = YES;
				ENABLE_TESTABILITY = YES;
				GCC_C_LANGUAGE_STANDARD = gnu11;
				GCC_DYNAMIC_NO_PIC = NO;
				GCC_NO_COMMON_BLOCKS = YES;
				GCC_OPTIMIZATION_LEVEL = 0;
				GCC_PREPROCESSOR_DEFINITIONS = (
					"DEBUG=1",
					"$(inherited)",
				);
				GCC_WARN_64_TO_32_BIT_CONVERSION = YES;
				GCC_WARN_ABOUT_RETURN_TYPE = YES_ERROR;
				GCC_WARN_UNDECLARED_SELECTOR = YES;
				GCC_WARN_UNINITIALIZED_AUTOS = YES_AGGRESSIVE;
				GCC_WARN_UNUSED_FUNCTION = YES;
				GCC_WARN_UNUSED_VARIABLE = YES;
				IPHONEOS_DEPLOYMENT_TARGET = 15.0;
				MTL_ENABLE_DEBUG_INFO = INCLUDE_SOURCE;
				MTL_FAST_MATH = YES;
				ONLY_ACTIVE_ARCH = YES;
				SDKROOT = iphoneos;
				SWIFT_ACTIVE_COMPILATION_CONDITIONS = DEBUG;
				SWIFT_OPTIMIZATION_LEVEL = "-Onone";
			};
			name = Debug;
		};
		B4311EE327911D72000EC348 /* Release */ = {
			isa = XCBuildConfiguration;
			buildSettings = {
				ALWAYS_SEARCH_USER_PATHS = NO;
				CLANG_ANALYZER_NONNULL = YES;
				CLANG_ANALYZER_NUMBER_OBJECT_CONVERSION = YES_AGGRESSIVE;
				CLANG_CXX_LANGUAGE_STANDARD = "gnu++17";
				CLANG_CXX_LIBRARY = "libc++";
				CLANG_ENABLE_MODULES = YES;
				CLANG_ENABLE_OBJC_ARC = YES;
				CLANG_ENABLE_OBJC_WEAK = YES;
				CLANG_WARN_BLOCK_CAPTURE_AUTORELEASING = YES;
				CLANG_WARN_BOOL_CONVERSION = YES;
				CLANG_WARN_COMMA = YES;
				CLANG_WARN_CONSTANT_CONVERSION = YES;
				CLANG_WARN_DEPRECATED_OBJC_IMPLEMENTATIONS = YES;
				CLANG_WARN_DIRECT_OBJC_ISA_USAGE = YES_ERROR;
				CLANG_WARN_DOCUMENTATION_COMMENTS = YES;
				CLANG_WARN_EMPTY_BODY = YES;
				CLANG_WARN_ENUM_CONVERSION = YES;
				CLANG_WARN_INFINITE_RECURSION = YES;
				CLANG_WARN_INT_CONVERSION = YES;
				CLANG_WARN_NON_LITERAL_NULL_CONVERSION = YES;
				CLANG_WARN_OBJC_IMPLICIT_RETAIN_SELF = YES;
				CLANG_WARN_OBJC_LITERAL_CONVERSION = YES;
				CLANG_WARN_OBJC_ROOT_CLASS = YES_ERROR;
				CLANG_WARN_QUOTED_INCLUDE_IN_FRAMEWORK_HEADER = YES;
				CLANG_WARN_RANGE_LOOP_ANALYSIS = YES;
				CLANG_WARN_STRICT_PROTOTYPES = YES;
				CLANG_WARN_SUSPICIOUS_MOVE = YES;
				CLANG_WARN_UNGUARDED_AVAILABILITY = YES_AGGRESSIVE;
				CLANG_WARN_UNREACHABLE_CODE = YES;
				CLANG_WARN__DUPLICATE_METHOD_MATCH = YES;
				COPY_PHASE_STRIP = NO;
				DEBUG_INFORMATION_FORMAT = "dwarf-with-dsym";
				ENABLE_NS_ASSERTIONS = NO;
				ENABLE_STRICT_OBJC_MSGSEND = YES;
				GCC_C_LANGUAGE_STANDARD = gnu11;
				GCC_NO_COMMON_BLOCKS = YES;
				GCC_WARN_64_TO_32_BIT_CONVERSION = YES;
				GCC_WARN_ABOUT_RETURN_TYPE = YES_ERROR;
				GCC_WARN_UNDECLARED_SELECTOR = YES;
				GCC_WARN_UNINITIALIZED_AUTOS = YES_AGGRESSIVE;
				GCC_WARN_UNUSED_FUNCTION = YES;
				GCC_WARN_UNUSED_VARIABLE = YES;
				IPHONEOS_DEPLOYMENT_TARGET = 15.0;
				MTL_ENABLE_DEBUG_INFO = NO;
				MTL_FAST_MATH = YES;
				SDKROOT = iphoneos;
				SWIFT_COMPILATION_MODE = wholemodule;
				SWIFT_OPTIMIZATION_LEVEL = "-O";
				VALIDATE_PRODUCT = YES;
			};
			name = Release;
		};
		B4311EE527911D72000EC348 /* Debug */ = {
			isa = XCBuildConfiguration;
			baseConfigurationReference = A293B5CD494294863F417857 /* Pods-ToMatcho.debug.xcconfig */;
			buildSettings = {
				ASSETCATALOG_COMPILER_APPICON_NAME = AppIcon;
				ASSETCATALOG_COMPILER_GLOBAL_ACCENT_COLOR_NAME = AccentColor;
				CODE_SIGN_STYLE = Automatic;
				CURRENT_PROJECT_VERSION = 1;
				GENERATE_INFOPLIST_FILE = YES;
				INFOPLIST_FILE = ToMatcho/Info.plist;
				INFOPLIST_KEY_UIApplicationSupportsIndirectInputEvents = YES;
				INFOPLIST_KEY_UILaunchStoryboardName = LaunchScreen;
				INFOPLIST_KEY_UIMainStoryboardFile = Main;
				INFOPLIST_KEY_UISupportedInterfaceOrientations = UIInterfaceOrientationPortrait;
				INFOPLIST_KEY_UISupportedInterfaceOrientations_iPad = "UIInterfaceOrientationPortrait UIInterfaceOrientationPortraitUpsideDown UIInterfaceOrientationLandscapeLeft UIInterfaceOrientationLandscapeRight";
				INFOPLIST_KEY_UISupportedInterfaceOrientations_iPhone = "UIInterfaceOrientationPortrait UIInterfaceOrientationLandscapeLeft UIInterfaceOrientationLandscapeRight";
				IPHONEOS_DEPLOYMENT_TARGET = 13.0;
				LD_RUNPATH_SEARCH_PATHS = (
					"$(inherited)",
					"@executable_path/Frameworks",
				);
				MARKETING_VERSION = 1.0;
				PRODUCT_BUNDLE_IDENTIFIER = sg.mad2.ToMatcho;
				PRODUCT_NAME = "$(TARGET_NAME)";
				SWIFT_EMIT_LOC_STRINGS = YES;
				SWIFT_VERSION = 5.0;
				TARGETED_DEVICE_FAMILY = "1,2";
			};
			name = Debug;
		};
		B4311EE627911D72000EC348 /* Release */ = {
			isa = XCBuildConfiguration;
			baseConfigurationReference = 2B4572948C8ED7EB2E0F35E1 /* Pods-ToMatcho.release.xcconfig */;
			buildSettings = {
				ASSETCATALOG_COMPILER_APPICON_NAME = AppIcon;
				ASSETCATALOG_COMPILER_GLOBAL_ACCENT_COLOR_NAME = AccentColor;
				CODE_SIGN_STYLE = Automatic;
				CURRENT_PROJECT_VERSION = 1;
				GENERATE_INFOPLIST_FILE = YES;
				INFOPLIST_FILE = ToMatcho/Info.plist;
				INFOPLIST_KEY_UIApplicationSupportsIndirectInputEvents = YES;
				INFOPLIST_KEY_UILaunchStoryboardName = LaunchScreen;
				INFOPLIST_KEY_UIMainStoryboardFile = Main;
				INFOPLIST_KEY_UISupportedInterfaceOrientations = UIInterfaceOrientationPortrait;
				INFOPLIST_KEY_UISupportedInterfaceOrientations_iPad = "UIInterfaceOrientationPortrait UIInterfaceOrientationPortraitUpsideDown UIInterfaceOrientationLandscapeLeft UIInterfaceOrientationLandscapeRight";
				INFOPLIST_KEY_UISupportedInterfaceOrientations_iPhone = "UIInterfaceOrientationPortrait UIInterfaceOrientationLandscapeLeft UIInterfaceOrientationLandscapeRight";
				IPHONEOS_DEPLOYMENT_TARGET = 13.0;
				LD_RUNPATH_SEARCH_PATHS = (
					"$(inherited)",
					"@executable_path/Frameworks",
				);
				MARKETING_VERSION = 1.0;
				PRODUCT_BUNDLE_IDENTIFIER = sg.mad2.ToMatcho;
				PRODUCT_NAME = "$(TARGET_NAME)";
				SWIFT_EMIT_LOC_STRINGS = YES;
				SWIFT_VERSION = 5.0;
				TARGETED_DEVICE_FAMILY = "1,2";
			};
			name = Release;
		};
		B4311EE827911D72000EC348 /* Debug */ = {
			isa = XCBuildConfiguration;
			baseConfigurationReference = E6AC155282E7F499C043AF69 /* Pods-ToMatchoTests.debug.xcconfig */;
			buildSettings = {
				ALWAYS_EMBED_SWIFT_STANDARD_LIBRARIES = YES;
				BUNDLE_LOADER = "$(TEST_HOST)";
				CODE_SIGN_STYLE = Automatic;
				CURRENT_PROJECT_VERSION = 1;
				GENERATE_INFOPLIST_FILE = YES;
				IPHONEOS_DEPLOYMENT_TARGET = 15.0;
				LD_RUNPATH_SEARCH_PATHS = (
					"$(inherited)",
					"@executable_path/Frameworks",
					"@loader_path/Frameworks",
				);
				MARKETING_VERSION = 1.0;
				PRODUCT_BUNDLE_IDENTIFIER = sg.mad2.ToMatchoTests;
				PRODUCT_NAME = "$(TARGET_NAME)";
				SWIFT_EMIT_LOC_STRINGS = NO;
				SWIFT_VERSION = 5.0;
				TARGETED_DEVICE_FAMILY = "1,2";
				TEST_HOST = "$(BUILT_PRODUCTS_DIR)/ToMatcho.app/ToMatcho";
			};
			name = Debug;
		};
		B4311EE927911D72000EC348 /* Release */ = {
			isa = XCBuildConfiguration;
			baseConfigurationReference = 12E72E75855BC441DEFAC1D1 /* Pods-ToMatchoTests.release.xcconfig */;
			buildSettings = {
				ALWAYS_EMBED_SWIFT_STANDARD_LIBRARIES = YES;
				BUNDLE_LOADER = "$(TEST_HOST)";
				CODE_SIGN_STYLE = Automatic;
				CURRENT_PROJECT_VERSION = 1;
				GENERATE_INFOPLIST_FILE = YES;
				IPHONEOS_DEPLOYMENT_TARGET = 15.0;
				LD_RUNPATH_SEARCH_PATHS = (
					"$(inherited)",
					"@executable_path/Frameworks",
					"@loader_path/Frameworks",
				);
				MARKETING_VERSION = 1.0;
				PRODUCT_BUNDLE_IDENTIFIER = sg.mad2.ToMatchoTests;
				PRODUCT_NAME = "$(TARGET_NAME)";
				SWIFT_EMIT_LOC_STRINGS = NO;
				SWIFT_VERSION = 5.0;
				TARGETED_DEVICE_FAMILY = "1,2";
				TEST_HOST = "$(BUILT_PRODUCTS_DIR)/ToMatcho.app/ToMatcho";
			};
			name = Release;
		};
		B4311EEB27911D72000EC348 /* Debug */ = {
			isa = XCBuildConfiguration;
			baseConfigurationReference = FBC626255465862C8FBBAA15 /* Pods-ToMatcho-ToMatchoUITests.debug.xcconfig */;
			buildSettings = {
				ALWAYS_EMBED_SWIFT_STANDARD_LIBRARIES = YES;
				CODE_SIGN_STYLE = Automatic;
				CURRENT_PROJECT_VERSION = 1;
				GENERATE_INFOPLIST_FILE = YES;
				LD_RUNPATH_SEARCH_PATHS = (
					"$(inherited)",
					"@executable_path/Frameworks",
					"@loader_path/Frameworks",
				);
				MARKETING_VERSION = 1.0;
				PRODUCT_BUNDLE_IDENTIFIER = sg.mad2.ToMatchoUITests;
				PRODUCT_NAME = "$(TARGET_NAME)";
				SWIFT_EMIT_LOC_STRINGS = NO;
				SWIFT_VERSION = 5.0;
				TARGETED_DEVICE_FAMILY = "1,2";
				TEST_TARGET_NAME = ToMatcho;
			};
			name = Debug;
		};
		B4311EEC27911D72000EC348 /* Release */ = {
			isa = XCBuildConfiguration;
			baseConfigurationReference = A681985E14A10C8A3A6673D4 /* Pods-ToMatcho-ToMatchoUITests.release.xcconfig */;
			buildSettings = {
				ALWAYS_EMBED_SWIFT_STANDARD_LIBRARIES = YES;
				CODE_SIGN_STYLE = Automatic;
				CURRENT_PROJECT_VERSION = 1;
				GENERATE_INFOPLIST_FILE = YES;
				LD_RUNPATH_SEARCH_PATHS = (
					"$(inherited)",
					"@executable_path/Frameworks",
					"@loader_path/Frameworks",
				);
				MARKETING_VERSION = 1.0;
				PRODUCT_BUNDLE_IDENTIFIER = sg.mad2.ToMatchoUITests;
				PRODUCT_NAME = "$(TARGET_NAME)";
				SWIFT_EMIT_LOC_STRINGS = NO;
				SWIFT_VERSION = 5.0;
				TARGETED_DEVICE_FAMILY = "1,2";
				TEST_TARGET_NAME = ToMatcho;
			};
			name = Release;
		};
/* End XCBuildConfiguration section */

/* Begin XCConfigurationList section */
		B4311EB227911D6F000EC348 /* Build configuration list for PBXProject "ToMatcho" */ = {
			isa = XCConfigurationList;
			buildConfigurations = (
				B4311EE227911D72000EC348 /* Debug */,
				B4311EE327911D72000EC348 /* Release */,
			);
			defaultConfigurationIsVisible = 0;
			defaultConfigurationName = Release;
		};
		B4311EE427911D72000EC348 /* Build configuration list for PBXNativeTarget "ToMatcho" */ = {
			isa = XCConfigurationList;
			buildConfigurations = (
				B4311EE527911D72000EC348 /* Debug */,
				B4311EE627911D72000EC348 /* Release */,
			);
			defaultConfigurationIsVisible = 0;
			defaultConfigurationName = Release;
		};
		B4311EE727911D72000EC348 /* Build configuration list for PBXNativeTarget "ToMatchoTests" */ = {
			isa = XCConfigurationList;
			buildConfigurations = (
				B4311EE827911D72000EC348 /* Debug */,
				B4311EE927911D72000EC348 /* Release */,
			);
			defaultConfigurationIsVisible = 0;
			defaultConfigurationName = Release;
		};
		B4311EEA27911D72000EC348 /* Build configuration list for PBXNativeTarget "ToMatchoUITests" */ = {
			isa = XCConfigurationList;
			buildConfigurations = (
				B4311EEB27911D72000EC348 /* Debug */,
				B4311EEC27911D72000EC348 /* Release */,
			);
			defaultConfigurationIsVisible = 0;
			defaultConfigurationName = Release;
		};
/* End XCConfigurationList section */

/* Begin XCVersionGroup section */
		B4311EC327911D6F000EC348 /* ToMatcho.xcdatamodeld */ = {
			isa = XCVersionGroup;
			children = (
				B4311EC427911D6F000EC348 /* ToMatcho.xcdatamodel */,
			);
			currentVersion = B4311EC427911D6F000EC348 /* ToMatcho.xcdatamodel */;
			path = ToMatcho.xcdatamodeld;
			sourceTree = "<group>";
			versionGroupType = wrapper.xcdatamodel;
		};
/* End XCVersionGroup section */
	};
	rootObject = B4311EAF27911D6F000EC348 /* Project object */;
}
